Microsoft Visual Studio Solution File, Format Version 11.00
# Visual Studio 2008

Project("{A3B98101-4D12-8241-472E-19F6153CE73B}") = "Tappy Ball", "Assembly-CSharp.csproj", "{BEB7FADA-3208-D58D-E76F-CE6B549A3654}"
EndProject
Global
	GlobalSection(SolutionConfigurationPlatforms) = preSolution
		Debug|Any CPU = Debug|Any CPU
		Release|Any CPU = Release|Any CPU
	EndGlobalSection
	GlobalSection(ProjectConfigurationPlatforms) = postSolution
		{BEB7FADA-3208-D58D-E76F-CE6B549A3654}.Debug|Any CPU.ActiveCfg = Debug|Any CPU
		{BEB7FADA-3208-D58D-E76F-CE6B549A3654}.Debug|Any CPU.Build.0 = Debug|Any CPU
		{BEB7FADA-3208-D58D-E76F-CE6B549A3654}.Release|Any CPU.ActiveCfg = Release|Any CPU
		{BEB7FADA-3208-D58D-E76F-CE6B549A3654}.Release|Any CPU.Build.0 = Release|Any CPU
	EndGlobalSection
	GlobalSection(SolutionProperties) = preSolution
		HideSolutionNode = FALSE
	EndGlobalSection
	GlobalSection(MonoDevelopProperties) = preSolution
		StartupItem = Assembly-CSharp.csproj
	EndGlobalSection
EndGlobal
